
Microsoft Visual Studio Solution File, Format Version 12.00
# Visual Studio Version 17
VisualStudioVersion = 17.5.33627.172
MinimumVisualStudioVersion = 10.0.40219.1
Project("{FAE04EC0-301F-11D3-BF4B-00C04F79EFBC}") = "RedisCache", "RedisCache\RedisCache.csproj", "{A93DDA99-FB66-436B-A74D-05D711A6A6F5}"
EndProject
Global
	GlobalSection(SolutionConfigurationPlatforms) = preSolution
		Debug|Any CPU = Debug|Any CPU
		Release|Any CPU = Release|Any CPU
	EndGlobalSection
	GlobalSection(ProjectConfigurationPlatforms) = postSolution
		{A93DDA99-FB66-436B-A74D-05D711A6A6F5}.Debug|Any CPU.ActiveCfg = Debug|Any CPU
		{A93DDA99-FB66-436B-A74D-05D711A6A6F5}.Debug|Any CPU.Build.0 = Debug|Any CPU
		{A93DDA99-FB66-436B-A74D-05D711A6A6F5}.Release|Any CPU.ActiveCfg = Release|Any CPU
		{A93DDA99-FB66-436B-A74D-05D711A6A6F5}.Release|Any CPU.Build.0 = Release|Any CPU
	EndGlobalSection
	GlobalSection(SolutionProperties) = preSolution
		HideSolutionNode = FALSE
	EndGlobalSection
	GlobalSection(ExtensibilityGlobals) = postSolution
		SolutionGuid = {6C61302B-2A1C-42AA-8A64-8F5A8320AFDD}
	EndGlobalSection
EndGlobal
